// !$*UTF8*$!
{
	archiveVersion = 1;
	classes = {
	};
	objectVersion = 50;
	objects = {

/* Begin PBXBuildFile section */
		7A02CFF026C79F9800AD092B /* GameModel.swift in Sources */ = {isa = PBXBuildFile; fileRef = 7A02CFEF26C79F9800AD092B /* GameModel.swift */; };
		7A02CFF326C7CF8400AD092B /* DetailViewController.swift in Sources */ = {isa = PBXBuildFile; fileRef = 7A02CFF126C7CF8400AD092B /* DetailViewController.swift */; };
		7A02CFF426C7CF8400AD092B /* DetailViewController.xib in Resources */ = {isa = PBXBuildFile; fileRef = 7A02CFF226C7CF8400AD092B /* DetailViewController.xib */; };
		7A89AA7E26C8D33B0058492B /* SearchViewController.swift in Sources */ = {isa = PBXBuildFile; fileRef = 7A89AA7D26C8D33B0058492B /* SearchViewController.swift */; };
		7AE3C7EB26C195A3001C7C8D /* GameTableViewCell.swift in Sources */ = {isa = PBXBuildFile; fileRef = 7AE3C7E926C195A3001C7C8D /* GameTableViewCell.swift */; };
		7AE3C7EC26C195A3001C7C8D /* GameTableViewCell.xib in Resources */ = {isa = PBXBuildFile; fileRef = 7AE3C7EA26C195A3001C7C8D /* GameTableViewCell.xib */; };
		7AE3C7EE26C198E9001C7C8D /* Game.swift in Sources */ = {isa = PBXBuildFile; fileRef = 7AE3C7ED26C198E9001C7C8D /* Game.swift */; };
		7AED8D5626C38C06006A1F34 /* GameManager.swift in Sources */ = {isa = PBXBuildFile; fileRef = 7AED8D5526C38C06006A1F34 /* GameManager.swift */; };
		7AF654C726BFCC2400F74B92 /* AppDelegate.swift in Sources */ = {isa = PBXBuildFile; fileRef = 7AF654C626BFCC2400F74B92 /* AppDelegate.swift */; };
		7AF654C926BFCC2400F74B92 /* SceneDelegate.swift in Sources */ = {isa = PBXBuildFile; fileRef = 7AF654C826BFCC2400F74B92 /* SceneDelegate.swift */; };
		7AF654CB26BFCC2400F74B92 /* ViewController.swift in Sources */ = {isa = PBXBuildFile; fileRef = 7AF654CA26BFCC2400F74B92 /* ViewController.swift */; };
		7AF654CE26BFCC2400F74B92 /* Main.storyboard in Resources */ = {isa = PBXBuildFile; fileRef = 7AF654CC26BFCC2400F74B92 /* Main.storyboard */; };
		7AF654D026BFCC2600F74B92 /* Assets.xcassets in Resources */ = {isa = PBXBuildFile; fileRef = 7AF654CF26BFCC2600F74B92 /* Assets.xcassets */; };
		7AF654D326BFCC2600F74B92 /* LaunchScreen.storyboard in Resources */ = {isa = PBXBuildFile; fileRef = 7AF654D126BFCC2600F74B92 /* LaunchScreen.storyboard */; };
/* End PBXBuildFile section */

/* Begin PBXFileReference section */
		7A02CFEF26C79F9800AD092B /* GameModel.swift */ = {isa = PBXFileReference; lastKnownFileType = sourcecode.swift; path = GameModel.swift; sourceTree = "<group>"; };
		7A02CFF126C7CF8400AD092B /* DetailViewController.swift */ = {isa = PBXFileReference; lastKnownFileType = sourcecode.swift; path = DetailViewController.swift; sourceTree = "<group>"; };
		7A02CFF226C7CF8400AD092B /* DetailViewController.xib */ = {isa = PBXFileReference; lastKnownFileType = file.xib; path = DetailViewController.xib; sourceTree = "<group>"; };
		7A89AA7D26C8D33B0058492B /* SearchViewController.swift */ = {isa = PBXFileReference; lastKnownFileType = sourcecode.swift; path = SearchViewController.swift; sourceTree = "<group>"; };
		7AE3C7E926C195A3001C7C8D /* GameTableViewCell.swift */ = {isa = PBXFileReference; lastKnownFileType = sourcecode.swift; path = GameTableViewCell.swift; sourceTree = "<group>"; };
		7AE3C7EA26C195A3001C7C8D /* GameTableViewCell.xib */ = {isa = PBXFileReference; lastKnownFileType = file.xib; path = GameTableViewCell.xib; sourceTree = "<group>"; };
		7AE3C7ED26C198E9001C7C8D /* Game.swift */ = {isa = PBXFileReference; lastKnownFileType = sourcecode.swift; path = Game.swift; sourceTree = "<group>"; };
		7AED8D5526C38C06006A1F34 /* GameManager.swift */ = {isa = PBXFileReference; lastKnownFileType = sourcecode.swift; path = GameManager.swift; sourceTree = "<group>"; };
		7AF654C326BFCC2400F74B92 /* VGameInfo.app */ = {isa = PBXFileReference; explicitFileType = wrapper.application; includeInIndex = 0; path = VGameInfo.app; sourceTree = BUILT_PRODUCTS_DIR; };
		7AF654C626BFCC2400F74B92 /* AppDelegate.swift */ = {isa = PBXFileReference; lastKnownFileType = sourcecode.swift; path = AppDelegate.swift; sourceTree = "<group>"; };
		7AF654C826BFCC2400F74B92 /* SceneDelegate.swift */ = {isa = PBXFileReference; lastKnownFileType = sourcecode.swift; path = SceneDelegate.swift; sourceTree = "<group>"; };
		7AF654CA26BFCC2400F74B92 /* ViewController.swift */ = {isa = PBXFileReference; lastKnownFileType = sourcecode.swift; path = ViewController.swift; sourceTree = "<group>"; };
		7AF654CD26BFCC2400F74B92 /* Base */ = {isa = PBXFileReference; lastKnownFileType = file.storyboard; name = Base; path = Base.lproj/Main.storyboard; sourceTree = "<group>"; };
		7AF654CF26BFCC2600F74B92 /* Assets.xcassets */ = {isa = PBXFileReference; lastKnownFileType = folder.assetcatalog; path = Assets.xcassets; sourceTree = "<group>"; };
		7AF654D226BFCC2600F74B92 /* Base */ = {isa = PBXFileReference; lastKnownFileType = file.storyboard; name = Base; path = Base.lproj/LaunchScreen.storyboard; sourceTree = "<group>"; };
		7AF654D426BFCC2600F74B92 /* Info.plist */ = {isa = PBXFileReference; lastKnownFileType = text.plist.xml; path = Info.plist; sourceTree = "<group>"; };
/* End PBXFileReference section */

/* Begin PBXFrameworksBuildPhase section */
		7AF654C026BFCC2400F74B92 /* Frameworks */ = {
			isa = PBXFrameworksBuildPhase;
			buildActionMask = 2147483647;
			files = (
			);
			runOnlyForDeploymentPostprocessing = 0;
		};
/* End PBXFrameworksBuildPhase section */

/* Begin PBXGroup section */
		7AE3C7E626C1946B001C7C8D /* Views */ = {
			isa = PBXGroup;
			children = (
				7AF654CC26BFCC2400F74B92 /* Main.storyboard */,
				7AF654D126BFCC2600F74B92 /* LaunchScreen.storyboard */,
				7AE3C7EA26C195A3001C7C8D /* GameTableViewCell.xib */,
				7A02CFF226C7CF8400AD092B /* DetailViewController.xib */,
			);
			path = Views;
			sourceTree = "<group>";
		};
		7AE3C7E726C1947B001C7C8D /* Model */ = {
			isa = PBXGroup;
			children = (
				7AE3C7ED26C198E9001C7C8D /* Game.swift */,
				7AED8D5526C38C06006A1F34 /* GameManager.swift */,
				7A02CFEF26C79F9800AD092B /* GameModel.swift */,
			);
			path = Model;
			sourceTree = "<group>";
		};
		7AE3C7E826C19481001C7C8D /* Controllers */ = {
			isa = PBXGroup;
			children = (
				7A02CFF126C7CF8400AD092B /* DetailViewController.swift */,
				7AE3C7E926C195A3001C7C8D /* GameTableViewCell.swift */,
				7AF654CA26BFCC2400F74B92 /* ViewController.swift */,
				7A89AA7D26C8D33B0058492B /* SearchViewController.swift */,
			);
			path = Controllers;
			sourceTree = "<group>";
		};
		7AF654BA26BFCC2400F74B92 = {
			isa = PBXGroup;
			children = (
				7AF654C526BFCC2400F74B92 /* VGameInfo */,
				7AF654C426BFCC2400F74B92 /* Products */,
			);
			sourceTree = "<group>";
		};
		7AF654C426BFCC2400F74B92 /* Products */ = {
			isa = PBXGroup;
			children = (
				7AF654C326BFCC2400F74B92 /* VGameInfo.app */,
			);
			name = Products;
			sourceTree = "<group>";
		};
		7AF654C526BFCC2400F74B92 /* VGameInfo */ = {
			isa = PBXGroup;
			children = (
				7AE3C7E726C1947B001C7C8D /* Model */,
				7AE3C7E626C1946B001C7C8D /* Views */,
				7AE3C7E826C19481001C7C8D /* Controllers */,
				7AF654C626BFCC2400F74B92 /* AppDelegate.swift */,
				7AF654C826BFCC2400F74B92 /* SceneDelegate.swift */,
				7AF654CF26BFCC2600F74B92 /* Assets.xcassets */,
				7AF654D426BFCC2600F74B92 /* Info.plist */,
			);
			path = VGameInfo;
			sourceTree = "<group>";
		};
/* End PBXGroup section */

/* Begin PBXNativeTarget section */
		7AF654C226BFCC2400F74B92 /* VGameInfo */ = {
			isa = PBXNativeTarget;
			buildConfigurationList = 7AF654D726BFCC2600F74B92 /* Build configuration list for PBXNativeTarget "VGameInfo" */;
			buildPhases = (
				7AF654BF26BFCC2400F74B92 /* Sources */,
				7AF654C026BFCC2400F74B92 /* Frameworks */,
				7AF654C126BFCC2400F74B92 /* Resources */,
			);
			buildRules = (
			);
			dependencies = (
			);
			name = VGameInfo;
			productName = VGameInfo;
			productReference = 7AF654C326BFCC2400F74B92 /* VGameInfo.app */;
			productType = "com.apple.product-type.application";
		};
/* End PBXNativeTarget section */

/* Begin PBXProject section */
		7AF654BB26BFCC2400F74B92 /* Project object */ = {
			isa = PBXProject;
			attributes = {
				LastSwiftUpdateCheck = 1250;
				LastUpgradeCheck = 1250;
				TargetAttributes = {
					7AF654C226BFCC2400F74B92 = {
						CreatedOnToolsVersion = 12.5;
					};
				};
			};
			buildConfigurationList = 7AF654BE26BFCC2400F74B92 /* Build configuration list for PBXProject "VGameInfo" */;
			compatibilityVersion = "Xcode 9.3";
			developmentRegion = en;
			hasScannedForEncodings = 0;
			knownRegions = (
				en,
				Base,
			);
			mainGroup = 7AF654BA26BFCC2400F74B92;
			productRefGroup = 7AF654C426BFCC2400F74B92 /* Products */;
			projectDirPath = "";
			projectRoot = "";
			targets = (
				7AF654C226BFCC2400F74B92 /* VGameInfo */,
			);
		};
/* End PBXProject section */

/* Begin PBXResourcesBuildPhase section */
		7AF654C126BFCC2400F74B92 /* Resources */ = {
			isa = PBXResourcesBuildPhase;
			buildActionMask = 2147483647;
			files = (
				7AF654D326BFCC2600F74B92 /* LaunchScreen.storyboard in Resources */,
				7AF654D026BFCC2600F74B92 /* Assets.xcassets in Resources */,
				7A02CFF426C7CF8400AD092B /* DetailViewController.xib in Resources */,
				7AF654CE26BFCC2400F74B92 /* Main.storyboard in Resources */,
				7AE3C7EC26C195A3001C7C8D /* GameTableViewCell.xib in Resources */,
			);
			runOnlyForDeploymentPostprocessing = 0;
		};
/* End PBXResourcesBuildPhase section */

/* Begin PBXSourcesBuildPhase section */
		7AF654BF26BFCC2400F74B92 /* Sources */ = {
			isa = PBXSourcesBuildPhase;
			buildActionMask = 2147483647;
			files = (
				7AF654CB26BFCC2400F74B92 /* ViewController.swift in Sources */,
				7AED8D5626C38C06006A1F34 /* GameManager.swift in Sources */,
				7AE3C7EE26C198E9001C7C8D /* Game.swift in Sources */,
				7A89AA7E26C8D33B0058492B /* SearchViewController.swift in Sources */,
				7AF654C726BFCC2400F74B92 /* AppDelegate.swift in Sources */,
				7AF654C926BFCC2400F74B92 /* SceneDelegate.swift in Sources */,
				7A02CFF026C79F9800AD092B /* GameModel.swift in Sources */,
				7AE3C7EB26C195A3001C7C8D /* GameTableViewCell.swift in Sources */,
				7A02CFF326C7CF8400AD092B /* DetailViewController.swift in Sources */,
			);
			runOnlyForDeploymentPostprocessing = 0;
		};
/* End PBXSourcesBuildPhase section */

/* Begin PBXVariantGroup section */
		7AF654CC26BFCC2400F74B92 /* Main.storyboard */ = {
			isa = PBXVariantGroup;
			children = (
				7AF654CD26BFCC2400F74B92 /* Base */,
			);
			name = Main.storyboard;
			sourceTree = "<group>";
		};
		7AF654D126BFCC2600F74B92 /* LaunchScreen.storyboard */ = {
			isa = PBXVariantGroup;
			children = (
				7AF654D226BFCC2600F74B92 /* Base */,
			);
			name = LaunchScreen.storyboard;
			sourceTree = "<group>";
		};
/* End PBXVariantGroup section */

/* Begin XCBuildConfiguration section */
		7AF654D526BFCC2600F74B92 /* Debug */ = {
			isa = XCBuildConfiguration;
			buildSettings = {
				ALWAYS_SEARCH_USER_PATHS = NO;
				CLANG_ANALYZER_NONNULL = YES;
				CLANG_ANALYZER_NUMBER_OBJECT_CONVERSION = YES_AGGRESSIVE;
				CLANG_CXX_LANGUAGE_STANDARD = "gnu++14";
				CLANG_CXX_LIBRARY = "libc++";
				CLANG_ENABLE_MODULES = YES;
				CLANG_ENABLE_OBJC_ARC = YES;
				CLANG_ENABLE_OBJC_WEAK = YES;
				CLANG_WARN_BLOCK_CAPTURE_AUTORELEASING = YES;
				CLANG_WARN_BOOL_CONVERSION = YES;
				CLANG_WARN_COMMA = YES;
				CLANG_WARN_CONSTANT_CONVERSION = YES;
				CLANG_WARN_DEPRECATED_OBJC_IMPLEMENTATIONS = YES;
				CLANG_WARN_DIRECT_OBJC_ISA_USAGE = YES_ERROR;
				CLANG_WARN_DOCUMENTATION_COMMENTS = YES;
				CLANG_WARN_EMPTY_BODY = YES;
				CLANG_WARN_ENUM_CONVERSION = YES;
				CLANG_WARN_INFINITE_RECURSION = YES;
				CLANG_WARN_INT_CONVERSION = YES;
				CLANG_WARN_NON_LITERAL_NULL_CONVERSION = YES;
				CLANG_WARN_OBJC_IMPLICIT_RETAIN_SELF = YES;
				CLANG_WARN_OBJC_LITERAL_CONVERSION = YES;
				CLANG_WARN_OBJC_ROOT_CLASS = YES_ERROR;
				CLANG_WARN_QUOTED_INCLUDE_IN_FRAMEWORK_HEADER = YES;
				CLANG_WARN_RANGE_LOOP_ANALYSIS = YES;
				CLANG_WARN_STRICT_PROTOTYPES = YES;
				CLANG_WARN_SUSPICIOUS_MOVE = YES;
				CLANG_WARN_UNGUARDED_AVAILABILITY = YES_AGGRESSIVE;
				CLANG_WARN_UNREACHABLE_CODE = YES;
				CLANG_WARN__DUPLICATE_METHOD_MATCH = YES;
				COPY_PHASE_STRIP = NO;
				DEBUG_INFORMATION_FORMAT = dwarf;
				ENABLE_STRICT_OBJC_MSGSEND = YES;
				ENABLE_TESTABILITY = YES;
				GCC_C_LANGUAGE_STANDARD = gnu11;
				GCC_DYNAMIC_NO_PIC = NO;
				GCC_NO_COMMON_BLOCKS = YES;
				GCC_OPTIMIZATION_LEVEL = 0;
				GCC_PREPROCESSOR_DEFINITIONS = (
					"DEBUG=1",
					"$(inherited)",
				);
				GCC_WARN_64_TO_32_BIT_CONVERSION = YES;
				GCC_WARN_ABOUT_RETURN_TYPE = YES_ERROR;
				GCC_WARN_UNDECLARED_SELECTOR = YES;
				GCC_WARN_UNINITIALIZED_AUTOS = YES_AGGRESSIVE;
				GCC_WARN_UNUSED_FUNCTION = YES;
				GCC_WARN_UNUSED_VARIABLE = YES;
				IPHONEOS_DEPLOYMENT_TARGET = 14.5;
				MTL_ENABLE_DEBUG_INFO = INCLUDE_SOURCE;
				MTL_FAST_MATH = YES;
				ONLY_ACTIVE_ARCH = YES;
				SDKROOT = iphoneos;
				SWIFT_ACTIVE_COMPILATION_CONDITIONS = DEBUG;
				SWIFT_OPTIMIZATION_LEVEL = "-Onone";
			};
			name = Debug;
		};
		7AF654D626BFCC2600F74B92 /* Release */ = {
			isa = XCBuildConfiguration;
			buildSettings = {
				ALWAYS_SEARCH_USER_PATHS = NO;
				CLANG_ANALYZER_NONNULL = YES;
				CLANG_ANALYZER_NUMBER_OBJECT_CONVERSION = YES_AGGRESSIVE;
				CLANG_CXX_LANGUAGE_STANDARD = "gnu++14";
				CLANG_CXX_LIBRARY = "libc++";
				CLANG_ENABLE_MODULES = YES;
				CLANG_ENABLE_OBJC_ARC = YES;
				CLANG_ENABLE_OBJC_WEAK = YES;
				CLANG_WARN_BLOCK_CAPTURE_AUTORELEASING = YES;
				CLANG_WARN_BOOL_CONVERSION = YES;
				CLANG_WARN_COMMA = YES;
				CLANG_WARN_CONSTANT_CONVERSION = YES;
				CLANG_WARN_DEPRECATED_OBJC_IMPLEMENTATIONS = YES;
				CLANG_WARN_DIRECT_OBJC_ISA_USAGE = YES_ERROR;
				CLANG_WARN_DOCUMENTATION_COMMENTS = YES;
				CLANG_WARN_EMPTY_BODY = YES;
				CLANG_WARN_ENUM_CONVERSION = YES;
				CLANG_WARN_INFINITE_RECURSION = YES;
				CLANG_WARN_INT_CONVERSION = YES;
				CLANG_WARN_NON_LITERAL_NULL_CONVERSION = YES;
				CLANG_WARN_OBJC_IMPLICIT_RETAIN_SELF = YES;
				CLANG_WARN_OBJC_LITERAL_CONVERSION = YES;
				CLANG_WARN_OBJC_ROOT_CLASS = YES_ERROR;
				CLANG_WARN_QUOTED_INCLUDE_IN_FRAMEWORK_HEADER = YES;
				CLANG_WARN_RANGE_LOOP_ANALYSIS = YES;
				CLANG_WARN_STRICT_PROTOTYPES = YES;
				CLANG_WARN_SUSPICIOUS_MOVE = YES;
				CLANG_WARN_UNGUARDED_AVAILABILITY = YES_AGGRESSIVE;
				CLANG_WARN_UNREACHABLE_CODE = YES;
				CLANG_WARN__DUPLICATE_METHOD_MATCH = YES;
				COPY_PHASE_STRIP = NO;
				DEBUG_INFORMATION_FORMAT = "dwarf-with-dsym";
				ENABLE_NS_ASSERTIONS = NO;
				ENABLE_STRICT_OBJC_MSGSEND = YES;
				GCC_C_LANGUAGE_STANDARD = gnu11;
				GCC_NO_COMMON_BLOCKS = YES;
				GCC_WARN_64_TO_32_BIT_CONVERSION = YES;
				GCC_WARN_ABOUT_RETURN_TYPE = YES_ERROR;
				GCC_WARN_UNDECLARED_SELECTOR = YES;
				GCC_WARN_UNINITIALIZED_AUTOS = YES_AGGRESSIVE;
				GCC_WARN_UNUSED_FUNCTION = YES;
				GCC_WARN_UNUSED_VARIABLE = YES;
				IPHONEOS_DEPLOYMENT_TARGET = 14.5;
				MTL_ENABLE_DEBUG_INFO = NO;
				MTL_FAST_MATH = YES;
				SDKROOT = iphoneos;
				SWIFT_COMPILATION_MODE = wholemodule;
				SWIFT_OPTIMIZATION_LEVEL = "-O";
				VALIDATE_PRODUCT = YES;
			};
			name = Release;
		};
		7AF654D826BFCC2600F74B92 /* Debug */ = {
			isa = XCBuildConfiguration;
			buildSettings = {
				ASSETCATALOG_COMPILER_APPICON_NAME = AppIcon;
				ASSETCATALOG_COMPILER_GLOBAL_ACCENT_COLOR_NAME = AccentColor;
				CODE_SIGN_STYLE = Automatic;
				INFOPLIST_FILE = VGameInfo/Info.plist;
				LD_RUNPATH_SEARCH_PATHS = (
					"$(inherited)",
					"@executable_path/Frameworks",
				);
				PRODUCT_BUNDLE_IDENTIFIER = com.muhamadirsyad.VGameInfo;
				PRODUCT_NAME = "$(TARGET_NAME)";
				SWIFT_VERSION = 5.0;
				TARGETED_DEVICE_FAMILY = "1,2";
			};
			name = Debug;
		};
		7AF654D926BFCC2600F74B92 /* Release */ = {
			isa = XCBuildConfiguration;
			buildSettings = {
				ASSETCATALOG_COMPILER_APPICON_NAME = AppIcon;
				ASSETCATALOG_COMPILER_GLOBAL_ACCENT_COLOR_NAME = AccentColor;
				CODE_SIGN_STYLE = Automatic;
				INFOPLIST_FILE = VGameInfo/Info.plist;
				LD_RUNPATH_SEARCH_PATHS = (
					"$(inherited)",
					"@executable_path/Frameworks",
				);
				PRODUCT_BUNDLE_IDENTIFIER = com.muhamadirsyad.VGameInfo;
				PRODUCT_NAME = "$(TARGET_NAME)";
				SWIFT_VERSION = 5.0;
				TARGETED_DEVICE_FAMILY = "1,2";
			};
			name = Release;
		};
/* End XCBuildConfiguration section */

/* Begin XCConfigurationList section */
		7AF654BE26BFCC2400F74B92 /* Build configuration list for PBXProject "VGameInfo" */ = {
			isa = XCConfigurationList;
			buildConfigurations = (
				7AF654D526BFCC2600F74B92 /* Debug */,
				7AF654D626BFCC2600F74B92 /* Release */,
			);
			defaultConfigurationIsVisible = 0;
			defaultConfigurationName = Release;
		};
		7AF654D726BFCC2600F74B92 /* Build configuration list for PBXNativeTarget "VGameInfo" */ = {
			isa = XCConfigurationList;
			buildConfigurations = (
				7AF654D826BFCC2600F74B92 /* Debug */,
				7AF654D926BFCC2600F74B92 /* Release */,
			);
			defaultConfigurationIsVisible = 0;
			defaultConfigurationName = Release;
		};
/* End XCConfigurationList section */
	};
	rootObject = 7AF654BB26BFCC2400F74B92 /* Project object */;
}
